
Microsoft Visual Studio Solution File, Format Version 12.00
# Visual Studio Version 17
VisualStudioVersion = 17.14.36408.4 d17.14
MinimumVisualStudioVersion = 10.0.40219.1
Project("{FAE04EC0-301F-11D3-BF4B-00C04F79EFBC}") = "Ortiz_J_Act2_U1", "Ortiz_J_Act2_U1\Ortiz_J_Act2_U1.csproj", "{94062FDB-05D9-45E4-B41B-2DF82CC959DA}"
EndProject
Global
	GlobalSection(SolutionConfigurationPlatforms) = preSolution
		Debug|Any CPU = Debug|Any CPU
		Release|Any CPU = Release|Any CPU
	EndGlobalSection
	GlobalSection(ProjectConfigurationPlatforms) = postSolution
		{94062FDB-05D9-45E4-B41B-2DF82CC959DA}.Debug|Any CPU.ActiveCfg = Debug|Any CPU
		{94062FDB-05D9-45E4-B41B-2DF82CC959DA}.Debug|Any CPU.Build.0 = Debug|Any CPU
		{94062FDB-05D9-45E4-B41B-2DF82CC959DA}.Release|Any CPU.ActiveCfg = Release|Any CPU
		{94062FDB-05D9-45E4-B41B-2DF82CC959DA}.Release|Any CPU.Build.0 = Release|Any CPU
	EndGlobalSection
	GlobalSection(SolutionProperties) = preSolution
		HideSolutionNode = FALSE
	EndGlobalSection
	GlobalSection(ExtensibilityGlobals) = postSolution
		SolutionGuid = {D80B53AB-BD94-4211-A025-D351500D3EB9}
	EndGlobalSection
EndGlobal
